{
    "_meta": {
        "hash": {
            "sha256": "70f601335ffb9145156ff3863aa4477f6d6c7a230ff4369c7b074df94ad3ad3f"
        },
        "pipfile-spec": 6,
        "requires": {
            "python_version": "3.12"
        },
        "sources": [
            {
                "name": "pypi",
                "url": "https://pypi.org/simple",
                "verify_ssl": true
            }
        ]
    },
    "default": {
        "rapidfuzz": {
            "hashes": [
                "sha256:094c26116d55bf9c53abd840d08422f20da78ec4c4723e5024322321caedca48",
                "sha256:0ec338d5f4ad8d9339a88a08db5c23e7f7a52c2b2a10510c48a0cef1fb3f0ddc",
                "sha256:10fdad800441b9c97d471a937ba7d42625f1b530db05e572f1cb7d401d95c893",
                "sha256:116c71a81e046ba56551d8ab68067ca7034d94b617545316d460a452c5c3c289",
                "sha256:1af60988d47534246d9525f77288fdd9de652608a4842815d9018570b959acc6",
                "sha256:2026651761bf83a0f31495cc0f70840d5c0d54388f41316e3f9cb51bd85e49a5",
                "sha256:20bd153aacc244e4c907d772c703fea82754c4db14f8aa64d75ff81b7b8ab92d",
                "sha256:26de93e6495078b6af4c4d93a42ca067b16cc0e95699526c82ab7d1025b4d3bf",
                "sha256:288f6f6e7410cacb115fb851f3f18bf0e4231eb3f6cb5bd1cec0e7b25c4d039d",
                "sha256:2db9187f3acf3cd33424ecdbaad75414c298ecd1513470df7bda885dcb68cc15",
                "sha256:2e9be5d05cd960914024412b5406fb75a82f8562f45912ff86255acbfdbfb78e",
                "sha256:2fe5783676f0afba4a522c80b15e99dbf4e393c149ab610308a8ef1f04c6bcc8",
                "sha256:3084161fc3e963056232ef8d937449a2943852e07101f5a136c8f3cfa4119217",
                "sha256:34f213d59219a9c3ca14e94a825f585811a68ac56b4118b4dc388b5b14afc108",
                "sha256:399b9b79ccfcf50ca3bad7692bc098bb8eade88d7d5e15773b7f866c91156d0c",
                "sha256:43dfc5e733808962a822ff6d9c29f3039a3cfb3620706f5953e17cfe4496724c",
                "sha256:457827ba82261aa2ae6ac06a46d0043ab12ba7216b82d87ae1434ec0f29736d6",
                "sha256:47aca565a39c9a6067927871973ca827023e8b65ba6c5747f4c228c8d7ddc04f",
                "sha256:4bd1a7676ee2a4c8e2f7f2550bece994f9f89e58afb96088964145a83af7408b",
                "sha256:4dd3d8443970eaa02ab5ae45ce584b061f2799cd9f7e875190e2617440c1f9d4",
                "sha256:4df75b3ebbb8cfdb9bf8b213b168620b88fd92d0c16a8bc9f9234630b282db59",
                "sha256:50484d563f8bfa723c74c944b0bb15b9e054db9c889348c8c307abcbee75ab92",
                "sha256:50e3d0c72ea15391ba9531ead7f2068a67c5b18a6a365fef3127583aaadd1725",
                "sha256:545fc04f2d592e4350f59deb0818886c1b444ffba3bec535b4fbb97191aaf769",
                "sha256:56fd15ea8f4c948864fa5ebd9261c67cf7b89a1c517a0caef4df75446a7af18c",
                "sha256:5897242d455461f2c5b82d7397b29341fd11e85bf3608a522177071044784ee8",
                "sha256:5d350864269d56f51ab81ab750c9259ae5cad3152c0680baef143dcec92206a1",
                "sha256:5dd6eec15b13329abe66cc241b484002ecb0e17d694491c944a22410a6a9e5e2",
                "sha256:63e4c175cbce8c3adc22dca5e6154588ae673f6c55374d156f3dac732c88d7de",
                "sha256:69ef5b363afff7150a1fbe788007e307b9802a2eb6ad92ed51ab94e6ad2674c6",
                "sha256:6b62af27e65bb39276a66533655a2fa3c60a487b03935721c45b7809527979be",
                "sha256:6cd67d3d017296d98ff505529104299f78433e4b8af31b55003d901a62bbebe9",
                "sha256:718c9bd369288aca5fa929df6dbf66fdbe9768d90940a940c0b5cdc96ade4309",
                "sha256:76a35e9e19a7c883c422ffa378e9a04bc98cb3b29648c5831596401298ee51e6",
                "sha256:7947a425d1be3e744707ee58c6cb318b93a56e08f080722dcc0347e0b7a1bb9a",
                "sha256:79e7f98525b60b3c14524e0a4e1fedf7654657b6e02eb25f1be897ab097706f3",
                "sha256:7c4c82b1689b23b1b5e6a603164ed2be41b6f6de292a698b98ba2381e889eb9d",
                "sha256:7dc87073ba3a40dd65591a2100aa71602107443bf10770579ff9c8a3242edb94",
                "sha256:7f3a6aa6e70fc27e4ff5c479f13cc9fc26a56347610f5f8b50396a0d344c5f55",
                "sha256:803f255f10d63420979b1909ef976e7d30dec42025c9b067fc1d2040cc365a7e",
                "sha256:884453860de029380dded8f3c1918af2d8eb5adf8010261645c7e5c88c2b5428",
                "sha256:886882367dbc985f5736356105798f2ae6e794e671fc605476cbe2e73838a9bb",
                "sha256:8a6405d34c394c65e4f73a1d300c001f304f08e529d2ed6413b46ee3037956eb",
                "sha256:916a6abf3632e592b937c3d04c00a6efadd8fd30539cdcd4e6e4d92be7ca5d90",
                "sha256:9178277f72d144a6c7704d7ae7fa15b7b86f0f0796f0e1049c7b4ef748a662ef",
                "sha256:949b5e9eeaa4ecb4c7e9c2a4689dddce60929dd1ff9c76a889cdbabe8bbf2171",
                "sha256:94c48b4a2a4b1d22246f48e2b11cae01ec7d23f0c9123f8bb822839ad79d0a88",
                "sha256:96ad46f5f56f70fab2be9e5f3165a21be58d633b90bf6e67fc52a856695e4bcf",
                "sha256:98f6ebe28831a482981ecfeedc8237047878424ad0c1add2c7f366ba44a20452",
                "sha256:9eac95b4278bd53115903d89118a2c908398ee8bdfd977ae844f1bd2b02b917c",
                "sha256:a425a0a868cf8e9c6e93e1cda4b758cdfd314bb9a4fc916c5742c934e3613480",
                "sha256:a68e3724b7dab761c01816aaa64b0903734d999d5589daf97c14ef5cc0629a8e",
                "sha256:a86d5d1d75e61df060c1e56596b6b0a4422a929dff19cc3dbfd5eee762c86b61",
                "sha256:a9b8f51e08c3f983d857c3889930af9ddecc768453822076683664772d87e374",
                "sha256:aadce42147fc09dcef1afa892485311e824c050352e1aa6e47f56b9b27af4cf0",
                "sha256:ae7966f205b5a7fde93b44ca8fed37c1c8539328d7f179b1197de34eceaceb5f",
                "sha256:b0445fa9880ead81f5a7d0efc0b9c977a947d8052c43519aceeaf56eabaf6843",
                "sha256:b0732343cdc4273b5921268026dd7266f75466eb21873cb7635a200d9d9c3fac",
                "sha256:b11a127ac590fc991e8a02c2d7e1ac86e8141c92f78546f18b5c904064a0552c",
                "sha256:b33e13e537e3afd1627d421a142a12bbbe601543558a391a6fae593356842f6e",
                "sha256:b5363932a5aab67010ae1a6205c567d1ef256fb333bc23c27582481606be480c",
                "sha256:b54853c2371bf0e38d67da379519deb6fbe70055efb32f6607081641af3dc752",
                "sha256:b67cc21a14327a0eb0f47bc3d7e59ec08031c7c55220ece672f9476e7a8068d3",
                "sha256:bb0013795b40db5cf361e6f21ee7cda09627cf294977149b50e217d7fe9a2f03",
                "sha256:bd393683129f446a75d8634306aed7e377627098a1286ff3af2a4f1736742820",
                "sha256:c038b9939da3035afb6cb2f465f18163e8f070aba0482923ecff9443def67178",
                "sha256:c50bc308fa29767ed8f53a8d33b7633a9e14718ced038ed89d41b886e301da32",
                "sha256:c582c46b1bb0b19f1a5f4c1312f1b640c21d78c371a6615c34025b16ee56369b",
                "sha256:c77a7330dd15c7eb5fd3631dc646fc96327f98db8181138766bd14d3e905f0ba",
                "sha256:c9e29a13d2fd9be3e7d8c26c7ef4ba60b5bc7efbc9dbdf24454c7e9ebba31768",
                "sha256:ca366c2e2a54e2f663f4529b189fdeb6e14d419b1c78b754ec1744f3c01070d4",
                "sha256:ce19887268e90ee81a3957eef5e46a70ecc000713796639f83828b950343f49e",
                "sha256:cffbc50e0767396ed483900900dd58ce4351bc0d40e64bced8694bd41864cc71",
                "sha256:d29d1b9857c65f8cb3a29270732e1591b9bacf89de9d13fa764f79f07d8f1fd2",
                "sha256:d4688862f957c8629d557d084f20b2d803f8738b6c4066802a0b1cc472e088d9",
                "sha256:e5ddb2388610799fc46abe389600625058f2a73867e63e20107c5ad5ffa57c47",
                "sha256:e89605afebbd2d4b045bccfdc12a14b16fe8ccbae05f64b4b4c64a97dad1c891",
                "sha256:ea2da0459b951ee461bd4e02b8904890bd1c4263999d291c5cd01e6620177ad4",
                "sha256:ec9139baa3f85b65adc700eafa03ed04995ca8533dd56c924f0e458ffec044ab",
                "sha256:eda4c661e68dddd56c8fbfe1ca35e40dd2afd973f7ebb1605f4d151edc63dff8",
                "sha256:f0a547e4350d1fa32624d3eab51eff8cf329f4cae110b4ea0402486b1da8be40",
                "sha256:f39a2a5ded23b9b9194ec45740dce57177b80f86c6d8eba953d3ff1a25c97766",
                "sha256:f3a0bda83c18195c361b5500377d0767749f128564ca95b42c8849fd475bb327",
                "sha256:f744b5eb1469bf92dd143d36570d2bdbbdc88fe5cb0b5405e53dd34f479cbd8a",
                "sha256:f9f0bbfb6787b97c51516f3ccf97737d504db5d239ad44527673b81f598b84ab",
                "sha256:fa9720e56663cc3649d62b4b5f3145e94b8f5611e8a8e1b46507777249d46aad",
                "sha256:fb6ec40cef63b1922083d33bfef2f91fc0b0bc07b5b09bfee0b0f1717d558292",
                "sha256:fe5231e8afd069c742ac5b4f96344a0fe4aff52df8e53ef87faebf77f827822c"
            ],
            "markers": "python_version >= '3.9'",
            "version": "==3.10.0"
        },
        "thefuzz": {
            "hashes": [
                "sha256:59729b33556850b90e1093c4cf9e618af6f2e4c985df193fdf3c5b5cf02ca481",
                "sha256:7138039a7ecf540da323792d8592ef9902b1d79eb78c147d4f20664de79f3680"
            ],
            "index": "pypi",
            "markers": "python_version >= '3.8'",
            "version": "==0.22.1"
        }
    },
    "develop": {
        "black": {
            "hashes": [
                "sha256:09cdeb74d494ec023ded657f7092ba518e8cf78fa8386155e4a03fdcc44679e6",
                "sha256:1f13f7f386f86f8121d76599114bb8c17b69d962137fc70efe56137727c7047e",
                "sha256:2500945420b6784c38b9ee885af039f5e7471ef284ab03fa35ecdde4688cd83f",
                "sha256:2b59b250fdba5f9a9cd9d0ece6e6d993d91ce877d121d161e4698af3eb9c1018",
                "sha256:3c4285573d4897a7610054af5a890bde7c65cb466040c5f0c8b732812d7f0e5e",
                "sha256:505289f17ceda596658ae81b61ebbe2d9b25aa78067035184ed0a9d855d18afd",
                "sha256:62e8730977f0b77998029da7971fa896ceefa2c4c4933fcd593fa599ecbf97a4",
                "sha256:649f6d84ccbae73ab767e206772cc2d7a393a001070a4c814a546afd0d423aed",
                "sha256:6e55d30d44bed36593c3163b9bc63bf58b3b30e4611e4d88a0c3c239930ed5b2",
                "sha256:707a1ca89221bc8a1a64fb5e15ef39cd755633daa672a9db7498d1c19de66a42",
                "sha256:72901b4913cbac8972ad911dc4098d5753704d1f3c56e44ae8dce99eecb0e3af",
                "sha256:73bbf84ed136e45d451a260c6b73ed674652f90a2b3211d6a35e78054563a9bb",
                "sha256:7c046c1d1eeb7aea9335da62472481d3bbf3fd986e093cffd35f4385c94ae368",
                "sha256:81c6742da39f33b08e791da38410f32e27d632260e599df7245cccee2064afeb",
                "sha256:837fd281f1908d0076844bc2b801ad2d369c78c45cf800cad7b61686051041af",
                "sha256:972085c618ee94f402da1af548a4f218c754ea7e5dc70acb168bfaca4c2542ed",
                "sha256:9e84e33b37be070ba135176c123ae52a51f82306def9f7d063ee302ecab2cf47",
                "sha256:b19c9ad992c7883ad84c9b22aaa73562a16b819c1d8db7a1a1a49fb7ec13c7d2",
                "sha256:d6417535d99c37cee4091a2f24eb2b6d5ec42b144d50f1f2e436d9fe1916fe1a",
                "sha256:eab4dd44ce80dea27dc69db40dab62d4ca96112f87996bca68cd75639aeb2e4c",
                "sha256:f490dbd59680d809ca31efdae20e634f3fae27fba3ce0ba3208333b713bc3920",
                "sha256:fb6e2c0b86bbd43dee042e48059c9ad7830abd5c94b0bc518c0eeec57c3eddc1"
            ],
            "index": "pypi",
            "markers": "python_version >= '3.8'",
            "version": "==24.8.0"
        },
        "click": {
            "hashes": [
                "sha256:ae74fb96c20a0277a1d615f1e4d73c8414f5a98db8b799a7931d1582f3390c28",
                "sha256:ca9853ad459e787e2192211578cc907e7594e294c7ccc834310722b41b9ca6de"
            ],
            "markers": "python_version >= '3.7'",
            "version": "==8.1.7"
        },
        "mypy-extensions": {
            "hashes": [
                "sha256:4392f6c0eb8a5668a69e23d168ffa70f0be9ccfd32b5cc2d26a34ae5b844552d",
                "sha256:75dbf8955dc00442a438fc4d0666508a9a97b6bd41aa2f0ffe9d2f2725af0782"
            ],
            "markers": "python_version >= '3.5'",
            "version": "==1.0.0"
        },
        "packaging": {
            "hashes": [
                "sha256:026ed72c8ed3fcce5bf8950572258698927fd1dbda10a5e981cdf0ac37f4f002",
                "sha256:5b8f2217dbdbd2f7f384c41c628544e6d52f2d0f53c6d0c3ea61aa5d1d7ff124"
            ],
            "markers": "python_version >= '3.8'",
            "version": "==24.1"
        },
        "pathspec": {
            "hashes": [
                "sha256:a0d503e138a4c123b27490a4f7beda6a01c6f288df0e4a8b79c7eb0dc7b4cc08",
                "sha256:a482d51503a1ab33b1c67a6c3813a26953dbdc71c31dacaef9a838c4e29f5712"
            ],
            "markers": "python_version >= '3.8'",
            "version": "==0.12.1"
        },
        "platformdirs": {
            "hashes": [
                "sha256:357fb2acbc885b0419afd3ce3ed34564c13c9b95c89360cd9563f73aa5e2b907",
                "sha256:73e575e1408ab8103900836b97580d5307456908a03e92031bab39e4554cc3fb"
            ],
            "markers": "python_version >= '3.8'",
            "version": "==4.3.6"
        }
    }
}
